# This file is automatically @generated by Cargo.
# It is not intended for manual editing.
version = 3

[[package]]
name = "autocfg"
version = "1.0.1"
source = "registry+https://github.com/rust-lang/crates.io-index"
checksum = "cdb031dd78e28731d87d56cc8ffef4a8f36ca26c38fe2de700543e627f8a464a"

[[package]]
name = "bitflags"
version = "1.2.1"
source = "registry+https://github.com/rust-lang/crates.io-index"
checksum = "cf1de2fe8c75bc145a2f577add951f8134889b4795d47466a54a5c846d691693"

[[package]]
name = "bitvec"
version = "0.21.2"
source = "registry+https://github.com/rust-lang/crates.io-index"
checksum = "470fbd40e959c961f16841fbf96edbbdcff766ead89a1ae2b53d22852be20998"
dependencies = [
 "funty",
 "radium",
 "tap",
 "wyz",
]

[[package]]
name = "cc"
version = "1.0.70"
source = "registry+https://github.com/rust-lang/crates.io-index"
checksum = "d26a6ce4b6a484fa3edb70f7efa6fc430fd2b87285fe8b84304fd0936faa0dc0"

[[package]]
name = "cfg-if"
version = "1.0.0"
source = "registry+https://github.com/rust-lang/crates.io-index"
checksum = "baf1de4339761588bc0619e3cbc0120ee582ebb74b53b4efbf79117bd2da40fd"

[[package]]
name = "errno"
version = "0.2.7"
source = "registry+https://github.com/rust-lang/crates.io-index"
checksum = "fa68f2fb9cae9d37c9b2b3584aba698a2e97f72d7aef7b9f7aa71d8b54ce46fe"
dependencies = [
 "errno-dragonfly",
 "libc",
 "winapi",
]

[[package]]
name = "errno-dragonfly"
version = "0.1.1"
source = "registry+https://github.com/rust-lang/crates.io-index"
checksum = "14ca354e36190500e1e1fb267c647932382b54053c50b14970856c0b00a35067"
dependencies = [
 "gcc",
 "libc",
]

[[package]]
name = "evdev"
version = "0.11.0"
source = "registry+https://github.com/rust-lang/crates.io-index"
checksum = "b8a9fbd0d18faa6e194945a35d8f57b504502835a4a82a622723b8184818e72a"
dependencies = [
 "bitvec",
 "libc",
 "nix",
]

[[package]]
name = "framebuffer"
version = "0.3.0"
source = "registry+https://github.com/rust-lang/crates.io-index"
checksum = "a7a7928de34b0debfcdf923d645b4f10c37e8320c6e535568d5798da86e8c5e6"
dependencies = [
 "errno",
 "libc",
 "memmap",
]

[[package]]
name = "funty"
version = "1.2.0"
source = "registry+https://github.com/rust-lang/crates.io-index"
checksum = "1847abb9cb65d566acd5942e94aea9c8f547ad02c98e1649326fc0e8910b8b1e"

[[package]]
name = "gcc"
version = "0.3.55"
source = "registry+https://github.com/rust-lang/crates.io-index"
checksum = "8f5f3913fa0bfe7ee1fd8248b6b9f42a5af4b9d65ec2dd2c3c26132b950ecfc2"

[[package]]
name = "jskeu"
version = "0.1.0"
dependencies = [
 "cc",
 "evdev",
 "framebuffer",
]

[[package]]
name = "libc"
version = "0.2.101"
source = "registry+https://github.com/rust-lang/crates.io-index"
checksum = "3cb00336871be5ed2c8ed44b60ae9959dc5b9f08539422ed43f09e34ecaeba21"

[[package]]
name = "memmap"
version = "0.7.0"
source = "registry+https://github.com/rust-lang/crates.io-index"
checksum = "6585fd95e7bb50d6cc31e20d4cf9afb4e2ba16c5846fc76793f11218da9c475b"
dependencies = [
 "libc",
 "winapi",
]

[[package]]
name = "memoffset"
version = "0.6.4"
source = "registry+https://github.com/rust-lang/crates.io-index"
checksum = "59accc507f1338036a0477ef61afdae33cde60840f4dfe481319ce3ad116ddf9"
dependencies = [
 "autocfg",
]

[[package]]
name = "nix"
version = "0.20.1"
source = "registry+https://github.com/rust-lang/crates.io-index"
checksum = "df8e5e343312e7fbeb2a52139114e9e702991ef9c2aea6817ff2440b35647d56"
dependencies = [
 "bitflags",
 "cc",
 "cfg-if",
 "libc",
 "memoffset",
]

[[package]]
name = "radium"
version = "0.6.2"
source = "registry+https://github.com/rust-lang/crates.io-index"
checksum = "643f8f41a8ebc4c5dc4515c82bb8abd397b527fc20fd681b7c011c2aee5d44fb"

[[package]]
name = "tap"
version = "1.0.1"
source = "registry+https://github.com/rust-lang/crates.io-index"
checksum = "55937e1799185b12863d447f42597ed69d9928686b8d88a1df17376a097d8369"

[[package]]
name = "winapi"
version = "0.3.9"
source = "registry+https://github.com/rust-lang/crates.io-index"
checksum = "5c839a674fcd7a98952e593242ea400abe93992746761e38641405d28b00f419"
dependencies = [
 "winapi-i686-pc-windows-gnu",
 "winapi-x86_64-pc-windows-gnu",
]

[[package]]
name = "winapi-i686-pc-windows-gnu"
version = "0.4.0"
source = "registry+https://github.com/rust-lang/crates.io-index"
checksum = "ac3b87c63620426dd9b991e5ce0329eff545bccbbb34f3be09ff6fb6ab51b7b6"

[[package]]
name = "winapi-x86_64-pc-windows-gnu"
version = "0.4.0"
source = "registry+https://github.com/rust-lang/crates.io-index"
checksum = "712e227841d057c1ee1cd2fb22fa7e5a5461ae8e48fa2ca79ec42cfc1931183f"

[[package]]
name = "wyz"
version = "0.2.0"
source = "registry+https://github.com/rust-lang/crates.io-index"
checksum = "85e60b0d1b5f99db2556934e21937020776a5d31520bf169e851ac44e6420214"
